// !$*UTF8*$!
{
	archiveVersion = 1;
	classes = {
	};
	objectVersion = 55;
	objects = {

/* Begin PBXBuildFile section */
		061EB7604EAE88D42DD6D686 /* Pods_PremindMe.framework in Frameworks */ = {isa = PBXBuildFile; fileRef = 91DB7F64857C32658914BC2A /* Pods_PremindMe.framework */; };
		13DD7D0BD2D5EF4A5B0B5515 /* Pods_PremindMe_PremindMeUITests.framework in Frameworks */ = {isa = PBXBuildFile; fileRef = D708AEA027BD5A64B567DA0F /* Pods_PremindMe_PremindMeUITests.framework */; };
		9690563E2807BBA600E5A1E7 /* AppDelegate.swift in Sources */ = {isa = PBXBuildFile; fileRef = 9690563D2807BBA600E5A1E7 /* AppDelegate.swift */; };
		969056402807BBA600E5A1E7 /* SceneDelegate.swift in Sources */ = {isa = PBXBuildFile; fileRef = 9690563F2807BBA600E5A1E7 /* SceneDelegate.swift */; };
		969056422807BBA600E5A1E7 /* ViewController.swift in Sources */ = {isa = PBXBuildFile; fileRef = 969056412807BBA600E5A1E7 /* ViewController.swift */; };
		969056472807BBAA00E5A1E7 /* Assets.xcassets in Resources */ = {isa = PBXBuildFile; fileRef = 969056462807BBAA00E5A1E7 /* Assets.xcassets */; };
		9690564A2807BBAA00E5A1E7 /* LaunchScreen.storyboard in Resources */ = {isa = PBXBuildFile; fileRef = 969056482807BBAA00E5A1E7 /* LaunchScreen.storyboard */; };
		969056552807BBAA00E5A1E7 /* PremindMeTests.swift in Sources */ = {isa = PBXBuildFile; fileRef = 969056542807BBAA00E5A1E7 /* PremindMeTests.swift */; };
		9690565F2807BBAA00E5A1E7 /* PremindMeUITests.swift in Sources */ = {isa = PBXBuildFile; fileRef = 9690565E2807BBAA00E5A1E7 /* PremindMeUITests.swift */; };
		969056612807BBAA00E5A1E7 /* PremindMeUITestsLaunchTests.swift in Sources */ = {isa = PBXBuildFile; fileRef = 969056602807BBAA00E5A1E7 /* PremindMeUITestsLaunchTests.swift */; };
		97656D09048B22C4AB010BA4 /* Pods_PremindMeTests.framework in Frameworks */ = {isa = PBXBuildFile; fileRef = 360576A1F15B63284A16393D /* Pods_PremindMeTests.framework */; };
/* End PBXBuildFile section */

/* Begin PBXContainerItemProxy section */
		969056512807BBAA00E5A1E7 /* PBXContainerItemProxy */ = {
			isa = PBXContainerItemProxy;
			containerPortal = 969056322807BBA600E5A1E7 /* Project object */;
			proxyType = 1;
			remoteGlobalIDString = 969056392807BBA600E5A1E7;
			remoteInfo = PremindMe;
		};
		9690565B2807BBAA00E5A1E7 /* PBXContainerItemProxy */ = {
			isa = PBXContainerItemProxy;
			containerPortal = 969056322807BBA600E5A1E7 /* Project object */;
			proxyType = 1;
			remoteGlobalIDString = 969056392807BBA600E5A1E7;
			remoteInfo = PremindMe;
		};
/* End PBXContainerItemProxy section */

/* Begin PBXFileReference section */
		360576A1F15B63284A16393D /* Pods_PremindMeTests.framework */ = {isa = PBXFileReference; explicitFileType = wrapper.framework; includeInIndex = 0; path = Pods_PremindMeTests.framework; sourceTree = BUILT_PRODUCTS_DIR; };
		6C60D0799C8B7824FE32F60C /* Pods-PremindMeTests.release.xcconfig */ = {isa = PBXFileReference; includeInIndex = 1; lastKnownFileType = text.xcconfig; name = "Pods-PremindMeTests.release.xcconfig"; path = "Target Support Files/Pods-PremindMeTests/Pods-PremindMeTests.release.xcconfig"; sourceTree = "<group>"; };
		90FD80BA2BE2D4E7A45FFD8E /* Pods-PremindMe-PremindMeUITests.debug.xcconfig */ = {isa = PBXFileReference; includeInIndex = 1; lastKnownFileType = text.xcconfig; name = "Pods-PremindMe-PremindMeUITests.debug.xcconfig"; path = "Target Support Files/Pods-PremindMe-PremindMeUITests/Pods-PremindMe-PremindMeUITests.debug.xcconfig"; sourceTree = "<group>"; };
		91DB7F64857C32658914BC2A /* Pods_PremindMe.framework */ = {isa = PBXFileReference; explicitFileType = wrapper.framework; includeInIndex = 0; path = Pods_PremindMe.framework; sourceTree = BUILT_PRODUCTS_DIR; };
		9690563A2807BBA600E5A1E7 /* PremindMe.app */ = {isa = PBXFileReference; explicitFileType = wrapper.application; includeInIndex = 0; path = PremindMe.app; sourceTree = BUILT_PRODUCTS_DIR; };
		9690563D2807BBA600E5A1E7 /* AppDelegate.swift */ = {isa = PBXFileReference; lastKnownFileType = sourcecode.swift; path = AppDelegate.swift; sourceTree = "<group>"; };
		9690563F2807BBA600E5A1E7 /* SceneDelegate.swift */ = {isa = PBXFileReference; lastKnownFileType = sourcecode.swift; path = SceneDelegate.swift; sourceTree = "<group>"; };
		969056412807BBA600E5A1E7 /* ViewController.swift */ = {isa = PBXFileReference; lastKnownFileType = sourcecode.swift; path = ViewController.swift; sourceTree = "<group>"; };
		969056462807BBAA00E5A1E7 /* Assets.xcassets */ = {isa = PBXFileReference; lastKnownFileType = folder.assetcatalog; path = Assets.xcassets; sourceTree = "<group>"; };
		969056492807BBAA00E5A1E7 /* Base */ = {isa = PBXFileReference; lastKnownFileType = file.storyboard; name = Base; path = Base.lproj/LaunchScreen.storyboard; sourceTree = "<group>"; };
		9690564B2807BBAA00E5A1E7 /* Info.plist */ = {isa = PBXFileReference; lastKnownFileType = text.plist.xml; path = Info.plist; sourceTree = "<group>"; };
		969056502807BBAA00E5A1E7 /* PremindMeTests.xctest */ = {isa = PBXFileReference; explicitFileType = wrapper.cfbundle; includeInIndex = 0; path = PremindMeTests.xctest; sourceTree = BUILT_PRODUCTS_DIR; };
		969056542807BBAA00E5A1E7 /* PremindMeTests.swift */ = {isa = PBXFileReference; lastKnownFileType = sourcecode.swift; path = PremindMeTests.swift; sourceTree = "<group>"; };
		9690565A2807BBAA00E5A1E7 /* PremindMeUITests.xctest */ = {isa = PBXFileReference; explicitFileType = wrapper.cfbundle; includeInIndex = 0; path = PremindMeUITests.xctest; sourceTree = BUILT_PRODUCTS_DIR; };
		9690565E2807BBAA00E5A1E7 /* PremindMeUITests.swift */ = {isa = PBXFileReference; lastKnownFileType = sourcecode.swift; path = PremindMeUITests.swift; sourceTree = "<group>"; };
		969056602807BBAA00E5A1E7 /* PremindMeUITestsLaunchTests.swift */ = {isa = PBXFileReference; lastKnownFileType = sourcecode.swift; path = PremindMeUITestsLaunchTests.swift; sourceTree = "<group>"; };
		A0CC801B47F38A2BC3BBE319 /* Pods-PremindMe.debug.xcconfig */ = {isa = PBXFileReference; includeInIndex = 1; lastKnownFileType = text.xcconfig; name = "Pods-PremindMe.debug.xcconfig"; path = "Target Support Files/Pods-PremindMe/Pods-PremindMe.debug.xcconfig"; sourceTree = "<group>"; };
		BDFFC69965C9E1016FC79F69 /* Pods-PremindMeTests.debug.xcconfig */ = {isa = PBXFileReference; includeInIndex = 1; lastKnownFileType = text.xcconfig; name = "Pods-PremindMeTests.debug.xcconfig"; path = "Target Support Files/Pods-PremindMeTests/Pods-PremindMeTests.debug.xcconfig"; sourceTree = "<group>"; };
		C20A13C8EC94418B9C31E71C /* Pods-PremindMe.release.xcconfig */ = {isa = PBXFileReference; includeInIndex = 1; lastKnownFileType = text.xcconfig; name = "Pods-PremindMe.release.xcconfig"; path = "Target Support Files/Pods-PremindMe/Pods-PremindMe.release.xcconfig"; sourceTree = "<group>"; };
		D708AEA027BD5A64B567DA0F /* Pods_PremindMe_PremindMeUITests.framework */ = {isa = PBXFileReference; explicitFileType = wrapper.framework; includeInIndex = 0; path = Pods_PremindMe_PremindMeUITests.framework; sourceTree = BUILT_PRODUCTS_DIR; };
		FBABB7A3A696CD8F5A8294AC /* Pods-PremindMe-PremindMeUITests.release.xcconfig */ = {isa = PBXFileReference; includeInIndex = 1; lastKnownFileType = text.xcconfig; name = "Pods-PremindMe-PremindMeUITests.release.xcconfig"; path = "Target Support Files/Pods-PremindMe-PremindMeUITests/Pods-PremindMe-PremindMeUITests.release.xcconfig"; sourceTree = "<group>"; };
/* End PBXFileReference section */

/* Begin PBXFrameworksBuildPhase section */
		969056372807BBA600E5A1E7 /* Frameworks */ = {
			isa = PBXFrameworksBuildPhase;
			buildActionMask = 2147483647;
			files = (
				061EB7604EAE88D42DD6D686 /* Pods_PremindMe.framework in Frameworks */,
			);
			runOnlyForDeploymentPostprocessing = 0;
		};
		9690564D2807BBAA00E5A1E7 /* Frameworks */ = {
			isa = PBXFrameworksBuildPhase;
			buildActionMask = 2147483647;
			files = (
				97656D09048B22C4AB010BA4 /* Pods_PremindMeTests.framework in Frameworks */,
			);
			runOnlyForDeploymentPostprocessing = 0;
		};
		969056572807BBAA00E5A1E7 /* Frameworks */ = {
			isa = PBXFrameworksBuildPhase;
			buildActionMask = 2147483647;
			files = (
				13DD7D0BD2D5EF4A5B0B5515 /* Pods_PremindMe_PremindMeUITests.framework in Frameworks */,
			);
			runOnlyForDeploymentPostprocessing = 0;
		};
/* End PBXFrameworksBuildPhase section */

/* Begin PBXGroup section */
		969056312807BBA600E5A1E7 = {
			isa = PBXGroup;
			children = (
				9690563C2807BBA600E5A1E7 /* PremindMe */,
				969056532807BBAA00E5A1E7 /* PremindMeTests */,
				9690565D2807BBAA00E5A1E7 /* PremindMeUITests */,
				9690563B2807BBA600E5A1E7 /* Products */,
				BAC5A6537D97F62B76802A81 /* Pods */,
				A6E0BF0119D60961676F0547 /* Frameworks */,
			);
			sourceTree = "<group>";
		};
		9690563B2807BBA600E5A1E7 /* Products */ = {
			isa = PBXGroup;
			children = (
				9690563A2807BBA600E5A1E7 /* PremindMe.app */,
				969056502807BBAA00E5A1E7 /* PremindMeTests.xctest */,
				9690565A2807BBAA00E5A1E7 /* PremindMeUITests.xctest */,
			);
			name = Products;
			sourceTree = "<group>";
		};
		9690563C2807BBA600E5A1E7 /* PremindMe */ = {
			isa = PBXGroup;
			children = (
				9690566E2807BD3700E5A1E7 /* ApplicationDelegates */,
				9690566D2807BCCB00E5A1E7 /* Resources */,
				969056412807BBA600E5A1E7 /* ViewController.swift */,
			);
			path = PremindMe;
			sourceTree = "<group>";
		};
		969056532807BBAA00E5A1E7 /* PremindMeTests */ = {
			isa = PBXGroup;
			children = (
				969056542807BBAA00E5A1E7 /* PremindMeTests.swift */,
			);
			path = PremindMeTests;
			sourceTree = "<group>";
		};
		9690565D2807BBAA00E5A1E7 /* PremindMeUITests */ = {
			isa = PBXGroup;
			children = (
				9690565E2807BBAA00E5A1E7 /* PremindMeUITests.swift */,
				969056602807BBAA00E5A1E7 /* PremindMeUITestsLaunchTests.swift */,
			);
			path = PremindMeUITests;
			sourceTree = "<group>";
		};
		9690566D2807BCCB00E5A1E7 /* Resources */ = {
			isa = PBXGroup;
			children = (
				969056462807BBAA00E5A1E7 /* Assets.xcassets */,
				969056482807BBAA00E5A1E7 /* LaunchScreen.storyboard */,
				9690564B2807BBAA00E5A1E7 /* Info.plist */,
			);
			path = Resources;
			sourceTree = "<group>";
		};
		9690566E2807BD3700E5A1E7 /* ApplicationDelegates */ = {
			isa = PBXGroup;
			children = (
				9690563D2807BBA600E5A1E7 /* AppDelegate.swift */,
				9690563F2807BBA600E5A1E7 /* SceneDelegate.swift */,
			);
			path = ApplicationDelegates;
			sourceTree = "<group>";
		};
		A6E0BF0119D60961676F0547 /* Frameworks */ = {
			isa = PBXGroup;
			children = (
				91DB7F64857C32658914BC2A /* Pods_PremindMe.framework */,
				D708AEA027BD5A64B567DA0F /* Pods_PremindMe_PremindMeUITests.framework */,
				360576A1F15B63284A16393D /* Pods_PremindMeTests.framework */,
			);
			name = Frameworks;
			sourceTree = "<group>";
		};
		BAC5A6537D97F62B76802A81 /* Pods */ = {
			isa = PBXGroup;
			children = (
				A0CC801B47F38A2BC3BBE319 /* Pods-PremindMe.debug.xcconfig */,
				C20A13C8EC94418B9C31E71C /* Pods-PremindMe.release.xcconfig */,
				90FD80BA2BE2D4E7A45FFD8E /* Pods-PremindMe-PremindMeUITests.debug.xcconfig */,
				FBABB7A3A696CD8F5A8294AC /* Pods-PremindMe-PremindMeUITests.release.xcconfig */,
				BDFFC69965C9E1016FC79F69 /* Pods-PremindMeTests.debug.xcconfig */,
				6C60D0799C8B7824FE32F60C /* Pods-PremindMeTests.release.xcconfig */,
			);
			name = Pods;
			path = Pods;
			sourceTree = "<group>";
		};
/* End PBXGroup section */

/* Begin PBXNativeTarget section */
		969056392807BBA600E5A1E7 /* PremindMe */ = {
			isa = PBXNativeTarget;
			buildConfigurationList = 969056642807BBAA00E5A1E7 /* Build configuration list for PBXNativeTarget "PremindMe" */;
			buildPhases = (
				85ABA15642CA4770C05B19DC /* [CP] Check Pods Manifest.lock */,
				969056362807BBA600E5A1E7 /* Sources */,
				969056372807BBA600E5A1E7 /* Frameworks */,
				969056382807BBA600E5A1E7 /* Resources */,
				EFC2A031A90A4AE8C9528A4A /* [CP] Embed Pods Frameworks */,
			);
			buildRules = (
			);
			dependencies = (
			);
			name = PremindMe;
			productName = PremindMe;
			productReference = 9690563A2807BBA600E5A1E7 /* PremindMe.app */;
			productType = "com.apple.product-type.application";
		};
		9690564F2807BBAA00E5A1E7 /* PremindMeTests */ = {
			isa = PBXNativeTarget;
			buildConfigurationList = 969056672807BBAA00E5A1E7 /* Build configuration list for PBXNativeTarget "PremindMeTests" */;
			buildPhases = (
				17F2D2E736719D0EDC94338E /* [CP] Check Pods Manifest.lock */,
				9690564C2807BBAA00E5A1E7 /* Sources */,
				9690564D2807BBAA00E5A1E7 /* Frameworks */,
				9690564E2807BBAA00E5A1E7 /* Resources */,
			);
			buildRules = (
			);
			dependencies = (
				969056522807BBAA00E5A1E7 /* PBXTargetDependency */,
			);
			name = PremindMeTests;
			productName = PremindMeTests;
			productReference = 969056502807BBAA00E5A1E7 /* PremindMeTests.xctest */;
			productType = "com.apple.product-type.bundle.unit-test";
		};
		969056592807BBAA00E5A1E7 /* PremindMeUITests */ = {
			isa = PBXNativeTarget;
			buildConfigurationList = 9690566A2807BBAA00E5A1E7 /* Build configuration list for PBXNativeTarget "PremindMeUITests" */;
			buildPhases = (
				A000D89B7E3E0E3D00FDFD87 /* [CP] Check Pods Manifest.lock */,
				969056562807BBAA00E5A1E7 /* Sources */,
				969056572807BBAA00E5A1E7 /* Frameworks */,
				969056582807BBAA00E5A1E7 /* Resources */,
				88D794BE39CE2B17773AD8CB /* [CP] Embed Pods Frameworks */,
			);
			buildRules = (
			);
			dependencies = (
				9690565C2807BBAA00E5A1E7 /* PBXTargetDependency */,
			);
			name = PremindMeUITests;
			productName = PremindMeUITests;
			productReference = 9690565A2807BBAA00E5A1E7 /* PremindMeUITests.xctest */;
			productType = "com.apple.product-type.bundle.ui-testing";
		};
/* End PBXNativeTarget section */

/* Begin PBXProject section */
		969056322807BBA600E5A1E7 /* Project object */ = {
			isa = PBXProject;
			attributes = {
				BuildIndependentTargetsInParallel = 1;
				LastSwiftUpdateCheck = 1330;
				LastUpgradeCheck = 1330;
				TargetAttributes = {
					969056392807BBA600E5A1E7 = {
						CreatedOnToolsVersion = 13.3;
					};
					9690564F2807BBAA00E5A1E7 = {
						CreatedOnToolsVersion = 13.3;
						TestTargetID = 969056392807BBA600E5A1E7;
					};
					969056592807BBAA00E5A1E7 = {
						CreatedOnToolsVersion = 13.3;
						TestTargetID = 969056392807BBA600E5A1E7;
					};
				};
			};
			buildConfigurationList = 969056352807BBA600E5A1E7 /* Build configuration list for PBXProject "PremindMe" */;
			compatibilityVersion = "Xcode 13.0";
			developmentRegion = en;
			hasScannedForEncodings = 0;
			knownRegions = (
				en,
				Base,
			);
			mainGroup = 969056312807BBA600E5A1E7;
			productRefGroup = 9690563B2807BBA600E5A1E7 /* Products */;
			projectDirPath = "";
			projectRoot = "";
			targets = (
				969056392807BBA600E5A1E7 /* PremindMe */,
				9690564F2807BBAA00E5A1E7 /* PremindMeTests */,
				969056592807BBAA00E5A1E7 /* PremindMeUITests */,
			);
		};
/* End PBXProject section */

/* Begin PBXResourcesBuildPhase section */
		969056382807BBA600E5A1E7 /* Resources */ = {
			isa = PBXResourcesBuildPhase;
			buildActionMask = 2147483647;
			files = (
				9690564A2807BBAA00E5A1E7 /* LaunchScreen.storyboard in Resources */,
				969056472807BBAA00E5A1E7 /* Assets.xcassets in Resources */,
			);
			runOnlyForDeploymentPostprocessing = 0;
		};
		9690564E2807BBAA00E5A1E7 /* Resources */ = {
			isa = PBXResourcesBuildPhase;
			buildActionMask = 2147483647;
			files = (
			);
			runOnlyForDeploymentPostprocessing = 0;
		};
		969056582807BBAA00E5A1E7 /* Resources */ = {
			isa = PBXResourcesBuildPhase;
			buildActionMask = 2147483647;
			files = (
			);
			runOnlyForDeploymentPostprocessing = 0;
		};
/* End PBXResourcesBuildPhase section */

/* Begin PBXShellScriptBuildPhase section */
		17F2D2E736719D0EDC94338E /* [CP] Check Pods Manifest.lock */ = {
			isa = PBXShellScriptBuildPhase;
			buildActionMask = 2147483647;
			files = (
			);
			inputFileListPaths = (
			);
			inputPaths = (
				"${PODS_PODFILE_DIR_PATH}/Podfile.lock",
				"${PODS_ROOT}/Manifest.lock",
			);
			name = "[CP] Check Pods Manifest.lock";
			outputFileListPaths = (
			);
			outputPaths = (
				"$(DERIVED_FILE_DIR)/Pods-PremindMeTests-checkManifestLockResult.txt",
			);
			runOnlyForDeploymentPostprocessing = 0;
			shellPath = /bin/sh;
			shellScript = "diff \"${PODS_PODFILE_DIR_PATH}/Podfile.lock\" \"${PODS_ROOT}/Manifest.lock\" > /dev/null\nif [ $? != 0 ] ; then\n    # print error to STDERR\n    echo \"error: The sandbox is not in sync with the Podfile.lock. Run 'pod install' or update your CocoaPods installation.\" >&2\n    exit 1\nfi\n# This output is used by Xcode 'outputs' to avoid re-running this script phase.\necho \"SUCCESS\" > \"${SCRIPT_OUTPUT_FILE_0}\"\n";
			showEnvVarsInLog = 0;
		};
		85ABA15642CA4770C05B19DC /* [CP] Check Pods Manifest.lock */ = {
			isa = PBXShellScriptBuildPhase;
			buildActionMask = 2147483647;
			files = (
			);
			inputFileListPaths = (
			);
			inputPaths = (
				"${PODS_PODFILE_DIR_PATH}/Podfile.lock",
				"${PODS_ROOT}/Manifest.lock",
			);
			name = "[CP] Check Pods Manifest.lock";
			outputFileListPaths = (
			);
			outputPaths = (
				"$(DERIVED_FILE_DIR)/Pods-PremindMe-checkManifestLockResult.txt",
			);
			runOnlyForDeploymentPostprocessing = 0;
			shellPath = /bin/sh;
			shellScript = "diff \"${PODS_PODFILE_DIR_PATH}/Podfile.lock\" \"${PODS_ROOT}/Manifest.lock\" > /dev/null\nif [ $? != 0 ] ; then\n    # print error to STDERR\n    echo \"error: The sandbox is not in sync with the Podfile.lock. Run 'pod install' or update your CocoaPods installation.\" >&2\n    exit 1\nfi\n# This output is used by Xcode 'outputs' to avoid re-running this script phase.\necho \"SUCCESS\" > \"${SCRIPT_OUTPUT_FILE_0}\"\n";
			showEnvVarsInLog = 0;
		};
		88D794BE39CE2B17773AD8CB /* [CP] Embed Pods Frameworks */ = {
			isa = PBXShellScriptBuildPhase;
			buildActionMask = 2147483647;
			files = (
			);
			inputFileListPaths = (
				"${PODS_ROOT}/Target Support Files/Pods-PremindMe-PremindMeUITests/Pods-PremindMe-PremindMeUITests-frameworks-${CONFIGURATION}-input-files.xcfilelist",
			);
			name = "[CP] Embed Pods Frameworks";
			outputFileListPaths = (
				"${PODS_ROOT}/Target Support Files/Pods-PremindMe-PremindMeUITests/Pods-PremindMe-PremindMeUITests-frameworks-${CONFIGURATION}-output-files.xcfilelist",
			);
			runOnlyForDeploymentPostprocessing = 0;
			shellPath = /bin/sh;
			shellScript = "\"${PODS_ROOT}/Target Support Files/Pods-PremindMe-PremindMeUITests/Pods-PremindMe-PremindMeUITests-frameworks.sh\"\n";
			showEnvVarsInLog = 0;
		};
		A000D89B7E3E0E3D00FDFD87 /* [CP] Check Pods Manifest.lock */ = {
			isa = PBXShellScriptBuildPhase;
			buildActionMask = 2147483647;
			files = (
			);
			inputFileListPaths = (
			);
			inputPaths = (
				"${PODS_PODFILE_DIR_PATH}/Podfile.lock",
				"${PODS_ROOT}/Manifest.lock",
			);
			name = "[CP] Check Pods Manifest.lock";
			outputFileListPaths = (
			);
			outputPaths = (
				"$(DERIVED_FILE_DIR)/Pods-PremindMe-PremindMeUITests-checkManifestLockResult.txt",
			);
			runOnlyForDeploymentPostprocessing = 0;
			shellPath = /bin/sh;
			shellScript = "diff \"${PODS_PODFILE_DIR_PATH}/Podfile.lock\" \"${PODS_ROOT}/Manifest.lock\" > /dev/null\nif [ $? != 0 ] ; then\n    # print error to STDERR\n    echo \"error: The sandbox is not in sync with the Podfile.lock. Run 'pod install' or update your CocoaPods installation.\" >&2\n    exit 1\nfi\n# This output is used by Xcode 'outputs' to avoid re-running this script phase.\necho \"SUCCESS\" > \"${SCRIPT_OUTPUT_FILE_0}\"\n";
			showEnvVarsInLog = 0;
		};
		EFC2A031A90A4AE8C9528A4A /* [CP] Embed Pods Frameworks */ = {
			isa = PBXShellScriptBuildPhase;
			buildActionMask = 2147483647;
			files = (
			);
			inputFileListPaths = (
				"${PODS_ROOT}/Target Support Files/Pods-PremindMe/Pods-PremindMe-frameworks-${CONFIGURATION}-input-files.xcfilelist",
			);
			name = "[CP] Embed Pods Frameworks";
			outputFileListPaths = (
				"${PODS_ROOT}/Target Support Files/Pods-PremindMe/Pods-PremindMe-frameworks-${CONFIGURATION}-output-files.xcfilelist",
			);
			runOnlyForDeploymentPostprocessing = 0;
			shellPath = /bin/sh;
			shellScript = "\"${PODS_ROOT}/Target Support Files/Pods-PremindMe/Pods-PremindMe-frameworks.sh\"\n";
			showEnvVarsInLog = 0;
		};
/* End PBXShellScriptBuildPhase section */

/* Begin PBXSourcesBuildPhase section */
		969056362807BBA600E5A1E7 /* Sources */ = {
			isa = PBXSourcesBuildPhase;
			buildActionMask = 2147483647;
			files = (
				969056422807BBA600E5A1E7 /* ViewController.swift in Sources */,
				9690563E2807BBA600E5A1E7 /* AppDelegate.swift in Sources */,
				969056402807BBA600E5A1E7 /* SceneDelegate.swift in Sources */,
			);
			runOnlyForDeploymentPostprocessing = 0;
		};
		9690564C2807BBAA00E5A1E7 /* Sources */ = {
			isa = PBXSourcesBuildPhase;
			buildActionMask = 2147483647;
			files = (
				969056552807BBAA00E5A1E7 /* PremindMeTests.swift in Sources */,
			);
			runOnlyForDeploymentPostprocessing = 0;
		};
		969056562807BBAA00E5A1E7 /* Sources */ = {
			isa = PBXSourcesBuildPhase;
			buildActionMask = 2147483647;
			files = (
				969056612807BBAA00E5A1E7 /* PremindMeUITestsLaunchTests.swift in Sources */,
				9690565F2807BBAA00E5A1E7 /* PremindMeUITests.swift in Sources */,
			);
			runOnlyForDeploymentPostprocessing = 0;
		};
/* End PBXSourcesBuildPhase section */

/* Begin PBXTargetDependency section */
		969056522807BBAA00E5A1E7 /* PBXTargetDependency */ = {
			isa = PBXTargetDependency;
			target = 969056392807BBA600E5A1E7 /* PremindMe */;
			targetProxy = 969056512807BBAA00E5A1E7 /* PBXContainerItemProxy */;
		};
		9690565C2807BBAA00E5A1E7 /* PBXTargetDependency */ = {
			isa = PBXTargetDependency;
			target = 969056392807BBA600E5A1E7 /* PremindMe */;
			targetProxy = 9690565B2807BBAA00E5A1E7 /* PBXContainerItemProxy */;
		};
/* End PBXTargetDependency section */

/* Begin PBXVariantGroup section */
		969056482807BBAA00E5A1E7 /* LaunchScreen.storyboard */ = {
			isa = PBXVariantGroup;
			children = (
				969056492807BBAA00E5A1E7 /* Base */,
			);
			name = LaunchScreen.storyboard;
			sourceTree = "<group>";
		};
/* End PBXVariantGroup section */

/* Begin XCBuildConfiguration section */
		969056622807BBAA00E5A1E7 /* Debug */ = {
			isa = XCBuildConfiguration;
			buildSettings = {
				ALWAYS_SEARCH_USER_PATHS = NO;
				CLANG_ANALYZER_NONNULL = YES;
				CLANG_ANALYZER_NUMBER_OBJECT_CONVERSION = YES_AGGRESSIVE;
				CLANG_CXX_LANGUAGE_STANDARD = "gnu++17";
				CLANG_ENABLE_MODULES = YES;
				CLANG_ENABLE_OBJC_ARC = YES;
				CLANG_ENABLE_OBJC_WEAK = YES;
				CLANG_WARN_BLOCK_CAPTURE_AUTORELEASING = YES;
				CLANG_WARN_BOOL_CONVERSION = YES;
				CLANG_WARN_COMMA = YES;
				CLANG_WARN_CONSTANT_CONVERSION = YES;
				CLANG_WARN_DEPRECATED_OBJC_IMPLEMENTATIONS = YES;
				CLANG_WARN_DIRECT_OBJC_ISA_USAGE = YES_ERROR;
				CLANG_WARN_DOCUMENTATION_COMMENTS = YES;
				CLANG_WARN_EMPTY_BODY = YES;
				CLANG_WARN_ENUM_CONVERSION = YES;
				CLANG_WARN_INFINITE_RECURSION = YES;
				CLANG_WARN_INT_CONVERSION = YES;
				CLANG_WARN_NON_LITERAL_NULL_CONVERSION = YES;
				CLANG_WARN_OBJC_IMPLICIT_RETAIN_SELF = YES;
				CLANG_WARN_OBJC_LITERAL_CONVERSION = YES;
				CLANG_WARN_OBJC_ROOT_CLASS = YES_ERROR;
				CLANG_WARN_QUOTED_INCLUDE_IN_FRAMEWORK_HEADER = YES;
				CLANG_WARN_RANGE_LOOP_ANALYSIS = YES;
				CLANG_WARN_STRICT_PROTOTYPES = YES;
				CLANG_WARN_SUSPICIOUS_MOVE = YES;
				CLANG_WARN_UNGUARDED_AVAILABILITY = YES_AGGRESSIVE;
				CLANG_WARN_UNREACHABLE_CODE = YES;
				CLANG_WARN__DUPLICATE_METHOD_MATCH = YES;
				COPY_PHASE_STRIP = NO;
				DEBUG_INFORMATION_FORMAT = dwarf;
				ENABLE_STRICT_OBJC_MSGSEND = YES;
				ENABLE_TESTABILITY = YES;
				GCC_C_LANGUAGE_STANDARD = gnu11;
				GCC_DYNAMIC_NO_PIC = NO;
				GCC_NO_COMMON_BLOCKS = YES;
				GCC_OPTIMIZATION_LEVEL = 0;
				GCC_PREPROCESSOR_DEFINITIONS = (
					"DEBUG=1",
					"$(inherited)",
				);
				GCC_WARN_64_TO_32_BIT_CONVERSION = YES;
				GCC_WARN_ABOUT_RETURN_TYPE = YES_ERROR;
				GCC_WARN_UNDECLARED_SELECTOR = YES;
				GCC_WARN_UNINITIALIZED_AUTOS = YES_AGGRESSIVE;
				GCC_WARN_UNUSED_FUNCTION = YES;
				GCC_WARN_UNUSED_VARIABLE = YES;
				IPHONEOS_DEPLOYMENT_TARGET = 15.4;
				MTL_ENABLE_DEBUG_INFO = INCLUDE_SOURCE;
				MTL_FAST_MATH = YES;
				ONLY_ACTIVE_ARCH = YES;
				SDKROOT = iphoneos;
				SWIFT_ACTIVE_COMPILATION_CONDITIONS = DEBUG;
				SWIFT_OPTIMIZATION_LEVEL = "-Onone";
			};
			name = Debug;
		};
		969056632807BBAA00E5A1E7 /* Release */ = {
			isa = XCBuildConfiguration;
			buildSettings = {
				ALWAYS_SEARCH_USER_PATHS = NO;
				CLANG_ANALYZER_NONNULL = YES;
				CLANG_ANALYZER_NUMBER_OBJECT_CONVERSION = YES_AGGRESSIVE;
				CLANG_CXX_LANGUAGE_STANDARD = "gnu++17";
				CLANG_ENABLE_MODULES = YES;
				CLANG_ENABLE_OBJC_ARC = YES;
				CLANG_ENABLE_OBJC_WEAK = YES;
				CLANG_WARN_BLOCK_CAPTURE_AUTORELEASING = YES;
				CLANG_WARN_BOOL_CONVERSION = YES;
				CLANG_WARN_COMMA = YES;
				CLANG_WARN_CONSTANT_CONVERSION = YES;
				CLANG_WARN_DEPRECATED_OBJC_IMPLEMENTATIONS = YES;
				CLANG_WARN_DIRECT_OBJC_ISA_USAGE = YES_ERROR;
				CLANG_WARN_DOCUMENTATION_COMMENTS = YES;
				CLANG_WARN_EMPTY_BODY = YES;
				CLANG_WARN_ENUM_CONVERSION = YES;
				CLANG_WARN_INFINITE_RECURSION = YES;
				CLANG_WARN_INT_CONVERSION = YES;
				CLANG_WARN_NON_LITERAL_NULL_CONVERSION = YES;
				CLANG_WARN_OBJC_IMPLICIT_RETAIN_SELF = YES;
				CLANG_WARN_OBJC_LITERAL_CONVERSION = YES;
				CLANG_WARN_OBJC_ROOT_CLASS = YES_ERROR;
				CLANG_WARN_QUOTED_INCLUDE_IN_FRAMEWORK_HEADER = YES;
				CLANG_WARN_RANGE_LOOP_ANALYSIS = YES;
				CLANG_WARN_STRICT_PROTOTYPES = YES;
				CLANG_WARN_SUSPICIOUS_MOVE = YES;
				CLANG_WARN_UNGUARDED_AVAILABILITY = YES_AGGRESSIVE;
				CLANG_WARN_UNREACHABLE_CODE = YES;
				CLANG_WARN__DUPLICATE_METHOD_MATCH = YES;
				COPY_PHASE_STRIP = NO;
				DEBUG_INFORMATION_FORMAT = "dwarf-with-dsym";
				ENABLE_NS_ASSERTIONS = NO;
				ENABLE_STRICT_OBJC_MSGSEND = YES;
				GCC_C_LANGUAGE_STANDARD = gnu11;
				GCC_NO_COMMON_BLOCKS = YES;
				GCC_WARN_64_TO_32_BIT_CONVERSION = YES;
				GCC_WARN_ABOUT_RETURN_TYPE = YES_ERROR;
				GCC_WARN_UNDECLARED_SELECTOR = YES;
				GCC_WARN_UNINITIALIZED_AUTOS = YES_AGGRESSIVE;
				GCC_WARN_UNUSED_FUNCTION = YES;
				GCC_WARN_UNUSED_VARIABLE = YES;
				IPHONEOS_DEPLOYMENT_TARGET = 15.4;
				MTL_ENABLE_DEBUG_INFO = NO;
				MTL_FAST_MATH = YES;
				SDKROOT = iphoneos;
				SWIFT_COMPILATION_MODE = wholemodule;
				SWIFT_OPTIMIZATION_LEVEL = "-O";
				VALIDATE_PRODUCT = YES;
			};
			name = Release;
		};
		969056652807BBAA00E5A1E7 /* Debug */ = {
			isa = XCBuildConfiguration;
			baseConfigurationReference = A0CC801B47F38A2BC3BBE319 /* Pods-PremindMe.debug.xcconfig */;
			buildSettings = {
				ASSETCATALOG_COMPILER_APPICON_NAME = AppIcon;
				ASSETCATALOG_COMPILER_GLOBAL_ACCENT_COLOR_NAME = AccentColor;
				CODE_SIGN_STYLE = Automatic;
				CURRENT_PROJECT_VERSION = 1;
				DEVELOPMENT_TEAM = BT4J67MR3F;
				GENERATE_INFOPLIST_FILE = YES;
				INFOPLIST_FILE = PremindMe/Resources/Info.plist;
				INFOPLIST_KEY_UIApplicationSupportsIndirectInputEvents = YES;
				INFOPLIST_KEY_UILaunchStoryboardName = LaunchScreen;
				INFOPLIST_KEY_UISupportedInterfaceOrientations_iPad = "UIInterfaceOrientationPortrait UIInterfaceOrientationPortraitUpsideDown UIInterfaceOrientationLandscapeLeft UIInterfaceOrientationLandscapeRight";
				INFOPLIST_KEY_UISupportedInterfaceOrientations_iPhone = "UIInterfaceOrientationPortrait UIInterfaceOrientationLandscapeLeft UIInterfaceOrientationLandscapeRight";
				LD_RUNPATH_SEARCH_PATHS = (
					"$(inherited)",
					"@executable_path/Frameworks",
				);
				MARKETING_VERSION = 1.0;
				PRODUCT_BUNDLE_IDENTIFIER = com.jayme.rutkoski.PremindMe;
				PRODUCT_NAME = "$(TARGET_NAME)";
				SWIFT_EMIT_LOC_STRINGS = YES;
				SWIFT_VERSION = 5.0;
				TARGETED_DEVICE_FAMILY = "1,2";
			};
			name = Debug;
		};
		969056662807BBAA00E5A1E7 /* Release */ = {
			isa = XCBuildConfiguration;
			baseConfigurationReference = C20A13C8EC94418B9C31E71C /* Pods-PremindMe.release.xcconfig */;
			buildSettings = {
				ASSETCATALOG_COMPILER_APPICON_NAME = AppIcon;
				ASSETCATALOG_COMPILER_GLOBAL_ACCENT_COLOR_NAME = AccentColor;
				CODE_SIGN_STYLE = Automatic;
				CURRENT_PROJECT_VERSION = 1;
				DEVELOPMENT_TEAM = BT4J67MR3F;
				GENERATE_INFOPLIST_FILE = YES;
				INFOPLIST_FILE = PremindMe/Resources/Info.plist;
				INFOPLIST_KEY_UIApplicationSupportsIndirectInputEvents = YES;
				INFOPLIST_KEY_UILaunchStoryboardName = LaunchScreen;
				INFOPLIST_KEY_UISupportedInterfaceOrientations_iPad = "UIInterfaceOrientationPortrait UIInterfaceOrientationPortraitUpsideDown UIInterfaceOrientationLandscapeLeft UIInterfaceOrientationLandscapeRight";
				INFOPLIST_KEY_UISupportedInterfaceOrientations_iPhone = "UIInterfaceOrientationPortrait UIInterfaceOrientationLandscapeLeft UIInterfaceOrientationLandscapeRight";
				LD_RUNPATH_SEARCH_PATHS = (
					"$(inherited)",
					"@executable_path/Frameworks",
				);
				MARKETING_VERSION = 1.0;
				PRODUCT_BUNDLE_IDENTIFIER = com.jayme.rutkoski.PremindMe;
				PRODUCT_NAME = "$(TARGET_NAME)";
				SWIFT_EMIT_LOC_STRINGS = YES;
				SWIFT_VERSION = 5.0;
				TARGETED_DEVICE_FAMILY = "1,2";
			};
			name = Release;
		};
		969056682807BBAA00E5A1E7 /* Debug */ = {
			isa = XCBuildConfiguration;
			baseConfigurationReference = BDFFC69965C9E1016FC79F69 /* Pods-PremindMeTests.debug.xcconfig */;
			buildSettings = {
				ALWAYS_EMBED_SWIFT_STANDARD_LIBRARIES = YES;
				BUNDLE_LOADER = "$(TEST_HOST)";
				CODE_SIGN_STYLE = Automatic;
				CURRENT_PROJECT_VERSION = 1;
				DEVELOPMENT_TEAM = BT4J67MR3F;
				GENERATE_INFOPLIST_FILE = YES;
				IPHONEOS_DEPLOYMENT_TARGET = 15.4;
				MARKETING_VERSION = 1.0;
				PRODUCT_BUNDLE_IDENTIFIER = com.jayme.rutkoski.PremindMeTests;
				PRODUCT_NAME = "$(TARGET_NAME)";
				SWIFT_EMIT_LOC_STRINGS = NO;
				SWIFT_VERSION = 5.0;
				TARGETED_DEVICE_FAMILY = "1,2";
				TEST_HOST = "$(BUILT_PRODUCTS_DIR)/PremindMe.app/PremindMe";
			};
			name = Debug;
		};
		969056692807BBAA00E5A1E7 /* Release */ = {
			isa = XCBuildConfiguration;
			baseConfigurationReference = 6C60D0799C8B7824FE32F60C /* Pods-PremindMeTests.release.xcconfig */;
			buildSettings = {
				ALWAYS_EMBED_SWIFT_STANDARD_LIBRARIES = YES;
				BUNDLE_LOADER = "$(TEST_HOST)";
				CODE_SIGN_STYLE = Automatic;
				CURRENT_PROJECT_VERSION = 1;
				DEVELOPMENT_TEAM = BT4J67MR3F;
				GENERATE_INFOPLIST_FILE = YES;
				IPHONEOS_DEPLOYMENT_TARGET = 15.4;
				MARKETING_VERSION = 1.0;
				PRODUCT_BUNDLE_IDENTIFIER = com.jayme.rutkoski.PremindMeTests;
				PRODUCT_NAME = "$(TARGET_NAME)";
				SWIFT_EMIT_LOC_STRINGS = NO;
				SWIFT_VERSION = 5.0;
				TARGETED_DEVICE_FAMILY = "1,2";
				TEST_HOST = "$(BUILT_PRODUCTS_DIR)/PremindMe.app/PremindMe";
			};
			name = Release;
		};
		9690566B2807BBAA00E5A1E7 /* Debug */ = {
			isa = XCBuildConfiguration;
			baseConfigurationReference = 90FD80BA2BE2D4E7A45FFD8E /* Pods-PremindMe-PremindMeUITests.debug.xcconfig */;
			buildSettings = {
				ALWAYS_EMBED_SWIFT_STANDARD_LIBRARIES = YES;
				CODE_SIGN_STYLE = Automatic;
				CURRENT_PROJECT_VERSION = 1;
				DEVELOPMENT_TEAM = BT4J67MR3F;
				GENERATE_INFOPLIST_FILE = YES;
				MARKETING_VERSION = 1.0;
				PRODUCT_BUNDLE_IDENTIFIER = com.jayme.rutkoski.PremindMeUITests;
				PRODUCT_NAME = "$(TARGET_NAME)";
				SWIFT_EMIT_LOC_STRINGS = NO;
				SWIFT_VERSION = 5.0;
				TARGETED_DEVICE_FAMILY = "1,2";
				TEST_TARGET_NAME = PremindMe;
			};
			name = Debug;
		};
		9690566C2807BBAA00E5A1E7 /* Release */ = {
			isa = XCBuildConfiguration;
			baseConfigurationReference = FBABB7A3A696CD8F5A8294AC /* Pods-PremindMe-PremindMeUITests.release.xcconfig */;
			buildSettings = {
				ALWAYS_EMBED_SWIFT_STANDARD_LIBRARIES = YES;
				CODE_SIGN_STYLE = Automatic;
				CURRENT_PROJECT_VERSION = 1;
				DEVELOPMENT_TEAM = BT4J67MR3F;
				GENERATE_INFOPLIST_FILE = YES;
				MARKETING_VERSION = 1.0;
				PRODUCT_BUNDLE_IDENTIFIER = com.jayme.rutkoski.PremindMeUITests;
				PRODUCT_NAME = "$(TARGET_NAME)";
				SWIFT_EMIT_LOC_STRINGS = NO;
				SWIFT_VERSION = 5.0;
				TARGETED_DEVICE_FAMILY = "1,2";
				TEST_TARGET_NAME = PremindMe;
			};
			name = Release;
		};
/* End XCBuildConfiguration section */

/* Begin XCConfigurationList section */
		969056352807BBA600E5A1E7 /* Build configuration list for PBXProject "PremindMe" */ = {
			isa = XCConfigurationList;
			buildConfigurations = (
				969056622807BBAA00E5A1E7 /* Debug */,
				969056632807BBAA00E5A1E7 /* Release */,
			);
			defaultConfigurationIsVisible = 0;
			defaultConfigurationName = Release;
		};
		969056642807BBAA00E5A1E7 /* Build configuration list for PBXNativeTarget "PremindMe" */ = {
			isa = XCConfigurationList;
			buildConfigurations = (
				969056652807BBAA00E5A1E7 /* Debug */,
				969056662807BBAA00E5A1E7 /* Release */,
			);
			defaultConfigurationIsVisible = 0;
			defaultConfigurationName = Release;
		};
		969056672807BBAA00E5A1E7 /* Build configuration list for PBXNativeTarget "PremindMeTests" */ = {
			isa = XCConfigurationList;
			buildConfigurations = (
				969056682807BBAA00E5A1E7 /* Debug */,
				969056692807BBAA00E5A1E7 /* Release */,
			);
			defaultConfigurationIsVisible = 0;
			defaultConfigurationName = Release;
		};
		9690566A2807BBAA00E5A1E7 /* Build configuration list for PBXNativeTarget "PremindMeUITests" */ = {
			isa = XCConfigurationList;
			buildConfigurations = (
				9690566B2807BBAA00E5A1E7 /* Debug */,
				9690566C2807BBAA00E5A1E7 /* Release */,
			);
			defaultConfigurationIsVisible = 0;
			defaultConfigurationName = Release;
		};
/* End XCConfigurationList section */
	};
	rootObject = 969056322807BBA600E5A1E7 /* Project object */;
}
